
Microsoft Visual Studio Solution File, Format Version 12.00
# Visual Studio Version 17
VisualStudioVersion = 17.7.34031.279
MinimumVisualStudioVersion = 10.0.40219.1
Project("{FAE04EC0-301F-11D3-BF4B-00C04F79EFBC}") = "PlaystationAPI", "PlaystationAPI\PlaystationAPI.csproj", "{93A2B72F-E874-4375-97AD-5802422F98A6}"
EndProject
Global
	GlobalSection(SolutionConfigurationPlatforms) = preSolution
		Debug|Any CPU = Debug|Any CPU
		Release|Any CPU = Release|Any CPU
	EndGlobalSection
	GlobalSection(ProjectConfigurationPlatforms) = postSolution
		{93A2B72F-E874-4375-97AD-5802422F98A6}.Debug|Any CPU.ActiveCfg = Debug|Any CPU
		{93A2B72F-E874-4375-97AD-5802422F98A6}.Debug|Any CPU.Build.0 = Debug|Any CPU
		{93A2B72F-E874-4375-97AD-5802422F98A6}.Release|Any CPU.ActiveCfg = Release|Any CPU
		{93A2B72F-E874-4375-97AD-5802422F98A6}.Release|Any CPU.Build.0 = Release|Any CPU
	EndGlobalSection
	GlobalSection(SolutionProperties) = preSolution
		HideSolutionNode = FALSE
	EndGlobalSection
	GlobalSection(ExtensibilityGlobals) = postSolution
		SolutionGuid = {CDB6AEC1-7C1B-4CA9-BD9A-525BAA03E0F3}
	EndGlobalSection
EndGlobal
